
Microsoft Visual Studio Solution File, Format Version 12.00
# Visual Studio Version 16
VisualStudioVersion = 16.0.31321.278
MinimumVisualStudioVersion = 10.0.40219.1
Project("{2150E333-8FDC-42A3-9474-1A3956D46DE8}") = "src", "src", "{0305C91D-846D-473D-AA0A-6BEB46DB9B18}"
EndProject
Project("{9A19103F-16F7-4668-BE54-9A1E7A4F7556}") = "Yen", "src\Yen\Yen.csproj", "{D2FB0888-C8D5-405D-A24E-C54F1D238C0A}"
EndProject
Project("{2150E333-8FDC-42A3-9474-1A3956D46DE8}") = "tests", "tests", "{F41BCB91-7E90-4E99-AE6B-1B7180D82536}"
EndProject
Project("{9A19103F-16F7-4668-BE54-9A1E7A4F7556}") = "Yen.TestGame", "tests\Yen.TestGame\Yen.TestGame.csproj", "{E28ACD43-B9C4-4698-BA7A-4DE0910ABCC4}"
EndProject
Global
	GlobalSection(SolutionConfigurationPlatforms) = preSolution
		Debug|Any CPU = Debug|Any CPU
		Release|Any CPU = Release|Any CPU
	EndGlobalSection
	GlobalSection(ProjectConfigurationPlatforms) = postSolution
		{D2FB0888-C8D5-405D-A24E-C54F1D238C0A}.Debug|Any CPU.ActiveCfg = Debug|Any CPU
		{D2FB0888-C8D5-405D-A24E-C54F1D238C0A}.Debug|Any CPU.Build.0 = Debug|Any CPU
		{D2FB0888-C8D5-405D-A24E-C54F1D238C0A}.Release|Any CPU.ActiveCfg = Release|Any CPU
		{D2FB0888-C8D5-405D-A24E-C54F1D238C0A}.Release|Any CPU.Build.0 = Release|Any CPU
		{E28ACD43-B9C4-4698-BA7A-4DE0910ABCC4}.Debug|Any CPU.ActiveCfg = Debug|Any CPU
		{E28ACD43-B9C4-4698-BA7A-4DE0910ABCC4}.Debug|Any CPU.Build.0 = Debug|Any CPU
		{E28ACD43-B9C4-4698-BA7A-4DE0910ABCC4}.Release|Any CPU.ActiveCfg = Release|Any CPU
		{E28ACD43-B9C4-4698-BA7A-4DE0910ABCC4}.Release|Any CPU.Build.0 = Release|Any CPU
	EndGlobalSection
	GlobalSection(SolutionProperties) = preSolution
		HideSolutionNode = FALSE
	EndGlobalSection
	GlobalSection(NestedProjects) = preSolution
		{D2FB0888-C8D5-405D-A24E-C54F1D238C0A} = {0305C91D-846D-473D-AA0A-6BEB46DB9B18}
		{E28ACD43-B9C4-4698-BA7A-4DE0910ABCC4} = {F41BCB91-7E90-4E99-AE6B-1B7180D82536}
	EndGlobalSection
	GlobalSection(ExtensibilityGlobals) = postSolution
		SolutionGuid = {1869090B-89B5-4614-9D20-ADEC010EEA13}
	EndGlobalSection
EndGlobal
